
Microsoft Visual Studio Solution File, Format Version 12.00
# Visual Studio Version 16
VisualStudioVersion = 16.0.30523.141
MinimumVisualStudioVersion = 10.0.40219.1
Project("{FAE04EC0-301F-11D3-BF4B-00C04F79EFBC}") = "project", "socketproject\project.csproj", "{C1188235-5A8E-4688-9941-B5A66840C116}"
EndProject
Global
	GlobalSection(SolutionConfigurationPlatforms) = preSolution
		Debug|Any CPU = Debug|Any CPU
		Release|Any CPU = Release|Any CPU
	EndGlobalSection
	GlobalSection(ProjectConfigurationPlatforms) = postSolution
		{C1188235-5A8E-4688-9941-B5A66840C116}.Debug|Any CPU.ActiveCfg = Debug|Any CPU
		{C1188235-5A8E-4688-9941-B5A66840C116}.Debug|Any CPU.Build.0 = Debug|Any CPU
		{C1188235-5A8E-4688-9941-B5A66840C116}.Release|Any CPU.ActiveCfg = Release|Any CPU
		{C1188235-5A8E-4688-9941-B5A66840C116}.Release|Any CPU.Build.0 = Release|Any CPU
	EndGlobalSection
	GlobalSection(SolutionProperties) = preSolution
		HideSolutionNode = FALSE
	EndGlobalSection
	GlobalSection(ExtensibilityGlobals) = postSolution
		SolutionGuid = {E26E77EB-1179-4C8A-8B0F-3056261FC5B6}
	EndGlobalSection
EndGlobal
